
Microsoft Visual Studio Solution File, Format Version 12.00
Project("{FAE04EC0-301F-11D3-BF4B-00C04F79EFBC}") = "LINQ-3", "LINQ-3\LINQ-3.csproj", "{ACE1B10E-9984-4B6B-B3F3-9162B5180910}"
EndProject
Global
	GlobalSection(SolutionConfigurationPlatforms) = preSolution
		Debug|Any CPU = Debug|Any CPU
		Release|Any CPU = Release|Any CPU
	EndGlobalSection
	GlobalSection(ProjectConfigurationPlatforms) = postSolution
		{ACE1B10E-9984-4B6B-B3F3-9162B5180910}.Debug|Any CPU.ActiveCfg = Debug|Any CPU
		{ACE1B10E-9984-4B6B-B3F3-9162B5180910}.Debug|Any CPU.Build.0 = Debug|Any CPU
		{ACE1B10E-9984-4B6B-B3F3-9162B5180910}.Release|Any CPU.ActiveCfg = Release|Any CPU
		{ACE1B10E-9984-4B6B-B3F3-9162B5180910}.Release|Any CPU.Build.0 = Release|Any CPU
	EndGlobalSection
EndGlobal
